
Microsoft Visual Studio Solution File, Format Version 12.00
# Visual Studio Version 16
VisualStudioVersion = 16.0.29102.190
MinimumVisualStudioVersion = 15.0.26124.0
Project("{2150E333-8FDC-42A3-9474-1A3956D46DE8}") = "src", "src", "{4FB0DAC9-D8C6-4368-B48E-363FA85029A4}"
EndProject
Project("{2150E333-8FDC-42A3-9474-1A3956D46DE8}") = "test", "test", "{F4DBFB49-2F67-49B0-A60F-E8ED78ACF550}"
EndProject
Project("{9A19103F-16F7-4668-BE54-9A1E7A4F7556}") = "Jaeger.Core.Tests", "test\Jaeger.Core.Tests\Jaeger.Core.Tests.csproj", "{5F1C7EB5-98A6-48C8-9F35-2A296148FD01}"
EndProject
Project("{2150E333-8FDC-42A3-9474-1A3956D46DE8}") = "benchmarks", "benchmarks", "{6663429B-6376-4317-8310-C3E15CF7D491}"
EndProject
Project("{9A19103F-16F7-4668-BE54-9A1E7A4F7556}") = "Jaeger.Benchmarks", "benchmarks\Jaeger.Benchmarks\Jaeger.Benchmarks.csproj", "{79DCD3B4-4FE7-4C15-B5B8-8498F0E13E78}"
EndProject
Project("{9A19103F-16F7-4668-BE54-9A1E7A4F7556}") = "Jaeger.Thrift", "src\Jaeger.Thrift\Jaeger.Thrift.csproj", "{F9EC3615-1D62-4AD3-8E55-0D9CE517A6C6}"
EndProject
Project("{9A19103F-16F7-4668-BE54-9A1E7A4F7556}") = "Jaeger.Core", "src\Jaeger.Core\Jaeger.Core.csproj", "{ABA4F1B1-F6D0-40A9-904B-EFA98A4C0411}"
EndProject
Project("{2150E333-8FDC-42A3-9474-1A3956D46DE8}") = "examples", "examples", "{1ADE2BBF-56C4-433D-9B1C-A532915058D3}"
EndProject
Project("{9A19103F-16F7-4668-BE54-9A1E7A4F7556}") = "Jaeger.Example.WebApi", "examples\Jaeger.Example.WebApi\Jaeger.Example.WebApi.csproj", "{258F726B-6E51-4F18-9FB6-41D09A836904}"
EndProject
Project("{FAE04EC0-301F-11D3-BF4B-00C04F79EFBC}") = "Jaeger.Example.WebApi.NetFx", "examples\Jaeger.Example.WebApi.NetFx\Jaeger.Example.WebApi.NetFx.csproj", "{4984D8D3-E8FE-4AC8-B285-AC041CB9B30F}"
EndProject
Project("{2150E333-8FDC-42A3-9474-1A3956D46DE8}") = "crossdock", "crossdock", "{BE369D2B-A6BA-4B1D-B3BA-165D80340B1D}"
EndProject
Project("{9A19103F-16F7-4668-BE54-9A1E7A4F7556}") = "Jaeger.Crossdock", "crossdock\Jaeger.Crossdock\Jaeger.Crossdock.csproj", "{B51D7B1B-8DE5-4FD3-9F09-3B320F34FC21}"
EndProject
Project("{2150E333-8FDC-42A3-9474-1A3956D46DE8}") = "Senders", "Senders", "{A608712F-64B9-49AA-B688-81B7A49436B7}"
EndProject
Project("{9A19103F-16F7-4668-BE54-9A1E7A4F7556}") = "Jaeger.Senders.Thrift", "src\Senders\Jaeger.Senders.Thrift\Jaeger.Senders.Thrift.csproj", "{B7F77019-9165-4D4C-9196-877D4B7181CB}"
EndProject
Project("{9A19103F-16F7-4668-BE54-9A1E7A4F7556}") = "Jaeger.Senders.Thrift.Tests", "test\Senders\Jaeger.Senders.Thrift.Tests\Jaeger.Senders.Thrift.Tests.csproj", "{2831DCD8-ABC0-4332-BCE6-846455BA57BF}"
EndProject
Project("{2150E333-8FDC-42A3-9474-1A3956D46DE8}") = "Senders", "Senders", "{B79DA458-94D5-4BF6-9934-27E0AC24F604}"
EndProject
Project("{9A19103F-16F7-4668-BE54-9A1E7A4F7556}") = "Jaeger", "src\Jaeger\Jaeger.csproj", "{F1FF2283-750E-44A7-ABE6-84EB8B5A9D2F}"
EndProject
Global
	GlobalSection(SolutionConfigurationPlatforms) = preSolution
		Debug|Any CPU = Debug|Any CPU
		Debug|x64 = Debug|x64
		Debug|x86 = Debug|x86
		Release|Any CPU = Release|Any CPU
		Release|x64 = Release|x64
		Release|x86 = Release|x86
	EndGlobalSection
	GlobalSection(ProjectConfigurationPlatforms) = postSolution
		{5F1C7EB5-98A6-48C8-9F35-2A296148FD01}.Debug|Any CPU.ActiveCfg = Debug|Any CPU
		{5F1C7EB5-98A6-48C8-9F35-2A296148FD01}.Debug|Any CPU.Build.0 = Debug|Any CPU
		{5F1C7EB5-98A6-48C8-9F35-2A296148FD01}.Debug|x64.ActiveCfg = Debug|Any CPU
		{5F1C7EB5-98A6-48C8-9F35-2A296148FD01}.Debug|x64.Build.0 = Debug|Any CPU
		{5F1C7EB5-98A6-48C8-9F35-2A296148FD01}.Debug|x86.ActiveCfg = Debug|Any CPU
		{5F1C7EB5-98A6-48C8-9F35-2A296148FD01}.Debug|x86.Build.0 = Debug|Any CPU
		{5F1C7EB5-98A6-48C8-9F35-2A296148FD01}.Release|Any CPU.ActiveCfg = Release|Any CPU
		{5F1C7EB5-98A6-48C8-9F35-2A296148FD01}.Release|Any CPU.Build.0 = Release|Any CPU
		{5F1C7EB5-98A6-48C8-9F35-2A296148FD01}.Release|x64.ActiveCfg = Release|Any CPU
		{5F1C7EB5-98A6-48C8-9F35-2A296148FD01}.Release|x64.Build.0 = Release|Any CPU
		{5F1C7EB5-98A6-48C8-9F35-2A296148FD01}.Release|x86.ActiveCfg = Release|Any CPU
		{5F1C7EB5-98A6-48C8-9F35-2A296148FD01}.Release|x86.Build.0 = Release|Any CPU
		{79DCD3B4-4FE7-4C15-B5B8-8498F0E13E78}.Debug|Any CPU.ActiveCfg = Debug|Any CPU
		{79DCD3B4-4FE7-4C15-B5B8-8498F0E13E78}.Debug|Any CPU.Build.0 = Debug|Any CPU
		{79DCD3B4-4FE7-4C15-B5B8-8498F0E13E78}.Debug|x64.ActiveCfg = Debug|Any CPU
		{79DCD3B4-4FE7-4C15-B5B8-8498F0E13E78}.Debug|x64.Build.0 = Debug|Any CPU
		{79DCD3B4-4FE7-4C15-B5B8-8498F0E13E78}.Debug|x86.ActiveCfg = Debug|Any CPU
		{79DCD3B4-4FE7-4C15-B5B8-8498F0E13E78}.Debug|x86.Build.0 = Debug|Any CPU
		{79DCD3B4-4FE7-4C15-B5B8-8498F0E13E78}.Release|Any CPU.ActiveCfg = Release|Any CPU
		{79DCD3B4-4FE7-4C15-B5B8-8498F0E13E78}.Release|Any CPU.Build.0 = Release|Any CPU
		{79DCD3B4-4FE7-4C15-B5B8-8498F0E13E78}.Release|x64.ActiveCfg = Release|Any CPU
		{79DCD3B4-4FE7-4C15-B5B8-8498F0E13E78}.Release|x64.Build.0 = Release|Any CPU
		{79DCD3B4-4FE7-4C15-B5B8-8498F0E13E78}.Release|x86.ActiveCfg = Release|Any CPU
		{79DCD3B4-4FE7-4C15-B5B8-8498F0E13E78}.Release|x86.Build.0 = Release|Any CPU
		{F9EC3615-1D62-4AD3-8E55-0D9CE517A6C6}.Debug|Any CPU.ActiveCfg = Debug|Any CPU
		{F9EC3615-1D62-4AD3-8E55-0D9CE517A6C6}.Debug|Any CPU.Build.0 = Debug|Any CPU
		{F9EC3615-1D62-4AD3-8E55-0D9CE517A6C6}.Debug|x64.ActiveCfg = Debug|Any CPU
		{F9EC3615-1D62-4AD3-8E55-0D9CE517A6C6}.Debug|x64.Build.0 = Debug|Any CPU
		{F9EC3615-1D62-4AD3-8E55-0D9CE517A6C6}.Debug|x86.ActiveCfg = Debug|Any CPU
		{F9EC3615-1D62-4AD3-8E55-0D9CE517A6C6}.Debug|x86.Build.0 = Debug|Any CPU
		{F9EC3615-1D62-4AD3-8E55-0D9CE517A6C6}.Release|Any CPU.ActiveCfg = Release|Any CPU
		{F9EC3615-1D62-4AD3-8E55-0D9CE517A6C6}.Release|Any CPU.Build.0 = Release|Any CPU
		{F9EC3615-1D62-4AD3-8E55-0D9CE517A6C6}.Release|x64.ActiveCfg = Release|Any CPU
		{F9EC3615-1D62-4AD3-8E55-0D9CE517A6C6}.Release|x64.Build.0 = Release|Any CPU
		{F9EC3615-1D62-4AD3-8E55-0D9CE517A6C6}.Release|x86.ActiveCfg = Release|Any CPU
		{F9EC3615-1D62-4AD3-8E55-0D9CE517A6C6}.Release|x86.Build.0 = Release|Any CPU
		{ABA4F1B1-F6D0-40A9-904B-EFA98A4C0411}.Debug|Any CPU.ActiveCfg = Debug|Any CPU
		{ABA4F1B1-F6D0-40A9-904B-EFA98A4C0411}.Debug|Any CPU.Build.0 = Debug|Any CPU
		{ABA4F1B1-F6D0-40A9-904B-EFA98A4C0411}.Debug|x64.ActiveCfg = Debug|Any CPU
		{ABA4F1B1-F6D0-40A9-904B-EFA98A4C0411}.Debug|x64.Build.0 = Debug|Any CPU
		{ABA4F1B1-F6D0-40A9-904B-EFA98A4C0411}.Debug|x86.ActiveCfg = Debug|Any CPU
		{ABA4F1B1-F6D0-40A9-904B-EFA98A4C0411}.Debug|x86.Build.0 = Debug|Any CPU
		{ABA4F1B1-F6D0-40A9-904B-EFA98A4C0411}.Release|Any CPU.ActiveCfg = Release|Any CPU
		{ABA4F1B1-F6D0-40A9-904B-EFA98A4C0411}.Release|Any CPU.Build.0 = Release|Any CPU
		{ABA4F1B1-F6D0-40A9-904B-EFA98A4C0411}.Release|x64.ActiveCfg = Release|Any CPU
		{ABA4F1B1-F6D0-40A9-904B-EFA98A4C0411}.Release|x64.Build.0 = Release|Any CPU
		{ABA4F1B1-F6D0-40A9-904B-EFA98A4C0411}.Release|x86.ActiveCfg = Release|Any CPU
		{ABA4F1B1-F6D0-40A9-904B-EFA98A4C0411}.Release|x86.Build.0 = Release|Any CPU
		{258F726B-6E51-4F18-9FB6-41D09A836904}.Debug|Any CPU.ActiveCfg = Debug|Any CPU
		{258F726B-6E51-4F18-9FB6-41D09A836904}.Debug|x64.ActiveCfg = Debug|Any CPU
		{258F726B-6E51-4F18-9FB6-41D09A836904}.Debug|x64.Build.0 = Debug|Any CPU
		{258F726B-6E51-4F18-9FB6-41D09A836904}.Debug|x86.ActiveCfg = Debug|Any CPU
		{258F726B-6E51-4F18-9FB6-41D09A836904}.Debug|x86.Build.0 = Debug|Any CPU
		{258F726B-6E51-4F18-9FB6-41D09A836904}.Release|Any CPU.ActiveCfg = Release|Any CPU
		{258F726B-6E51-4F18-9FB6-41D09A836904}.Release|x64.ActiveCfg = Release|Any CPU
		{258F726B-6E51-4F18-9FB6-41D09A836904}.Release|x64.Build.0 = Release|Any CPU
		{258F726B-6E51-4F18-9FB6-41D09A836904}.Release|x86.ActiveCfg = Release|Any CPU
		{258F726B-6E51-4F18-9FB6-41D09A836904}.Release|x86.Build.0 = Release|Any CPU
		{4984D8D3-E8FE-4AC8-B285-AC041CB9B30F}.Debug|Any CPU.ActiveCfg = Debug|Any CPU
		{4984D8D3-E8FE-4AC8-B285-AC041CB9B30F}.Debug|x64.ActiveCfg = Debug|Any CPU
		{4984D8D3-E8FE-4AC8-B285-AC041CB9B30F}.Debug|x64.Build.0 = Debug|Any CPU
		{4984D8D3-E8FE-4AC8-B285-AC041CB9B30F}.Debug|x86.ActiveCfg = Debug|Any CPU
		{4984D8D3-E8FE-4AC8-B285-AC041CB9B30F}.Debug|x86.Build.0 = Debug|Any CPU
		{4984D8D3-E8FE-4AC8-B285-AC041CB9B30F}.Release|Any CPU.ActiveCfg = Release|Any CPU
		{4984D8D3-E8FE-4AC8-B285-AC041CB9B30F}.Release|x64.ActiveCfg = Release|Any CPU
		{4984D8D3-E8FE-4AC8-B285-AC041CB9B30F}.Release|x64.Build.0 = Release|Any CPU
		{4984D8D3-E8FE-4AC8-B285-AC041CB9B30F}.Release|x86.ActiveCfg = Release|Any CPU
		{4984D8D3-E8FE-4AC8-B285-AC041CB9B30F}.Release|x86.Build.0 = Release|Any CPU
		{B51D7B1B-8DE5-4FD3-9F09-3B320F34FC21}.Debug|Any CPU.ActiveCfg = Debug|Any CPU
		{B51D7B1B-8DE5-4FD3-9F09-3B320F34FC21}.Debug|Any CPU.Build.0 = Debug|Any CPU
		{B51D7B1B-8DE5-4FD3-9F09-3B320F34FC21}.Debug|x64.ActiveCfg = Debug|Any CPU
		{B51D7B1B-8DE5-4FD3-9F09-3B320F34FC21}.Debug|x64.Build.0 = Debug|Any CPU
		{B51D7B1B-8DE5-4FD3-9F09-3B320F34FC21}.Debug|x86.ActiveCfg = Debug|Any CPU
		{B51D7B1B-8DE5-4FD3-9F09-3B320F34FC21}.Debug|x86.Build.0 = Debug|Any CPU
		{B51D7B1B-8DE5-4FD3-9F09-3B320F34FC21}.Release|Any CPU.ActiveCfg = Release|Any CPU
		{B51D7B1B-8DE5-4FD3-9F09-3B320F34FC21}.Release|Any CPU.Build.0 = Release|Any CPU
		{B51D7B1B-8DE5-4FD3-9F09-3B320F34FC21}.Release|x64.ActiveCfg = Release|Any CPU
		{B51D7B1B-8DE5-4FD3-9F09-3B320F34FC21}.Release|x64.Build.0 = Release|Any CPU
		{B51D7B1B-8DE5-4FD3-9F09-3B320F34FC21}.Release|x86.ActiveCfg = Release|Any CPU
		{B51D7B1B-8DE5-4FD3-9F09-3B320F34FC21}.Release|x86.Build.0 = Release|Any CPU
		{B7F77019-9165-4D4C-9196-877D4B7181CB}.Debug|Any CPU.ActiveCfg = Debug|Any CPU
		{B7F77019-9165-4D4C-9196-877D4B7181CB}.Debug|Any CPU.Build.0 = Debug|Any CPU
		{B7F77019-9165-4D4C-9196-877D4B7181CB}.Debug|x64.ActiveCfg = Debug|Any CPU
		{B7F77019-9165-4D4C-9196-877D4B7181CB}.Debug|x64.Build.0 = Debug|Any CPU
		{B7F77019-9165-4D4C-9196-877D4B7181CB}.Debug|x86.ActiveCfg = Debug|Any CPU
		{B7F77019-9165-4D4C-9196-877D4B7181CB}.Debug|x86.Build.0 = Debug|Any CPU
		{B7F77019-9165-4D4C-9196-877D4B7181CB}.Release|Any CPU.ActiveCfg = Release|Any CPU
		{B7F77019-9165-4D4C-9196-877D4B7181CB}.Release|Any CPU.Build.0 = Release|Any CPU
		{B7F77019-9165-4D4C-9196-877D4B7181CB}.Release|x64.ActiveCfg = Release|Any CPU
		{B7F77019-9165-4D4C-9196-877D4B7181CB}.Release|x64.Build.0 = Release|Any CPU
		{B7F77019-9165-4D4C-9196-877D4B7181CB}.Release|x86.ActiveCfg = Release|Any CPU
		{B7F77019-9165-4D4C-9196-877D4B7181CB}.Release|x86.Build.0 = Release|Any CPU
		{2831DCD8-ABC0-4332-BCE6-846455BA57BF}.Debug|Any CPU.ActiveCfg = Debug|Any CPU
		{2831DCD8-ABC0-4332-BCE6-846455BA57BF}.Debug|Any CPU.Build.0 = Debug|Any CPU
		{2831DCD8-ABC0-4332-BCE6-846455BA57BF}.Debug|x64.ActiveCfg = Debug|Any CPU
		{2831DCD8-ABC0-4332-BCE6-846455BA57BF}.Debug|x64.Build.0 = Debug|Any CPU
		{2831DCD8-ABC0-4332-BCE6-846455BA57BF}.Debug|x86.ActiveCfg = Debug|Any CPU
		{2831DCD8-ABC0-4332-BCE6-846455BA57BF}.Debug|x86.Build.0 = Debug|Any CPU
		{2831DCD8-ABC0-4332-BCE6-846455BA57BF}.Release|Any CPU.ActiveCfg = Release|Any CPU
		{2831DCD8-ABC0-4332-BCE6-846455BA57BF}.Release|Any CPU.Build.0 = Release|Any CPU
		{2831DCD8-ABC0-4332-BCE6-846455BA57BF}.Release|x64.ActiveCfg = Release|Any CPU
		{2831DCD8-ABC0-4332-BCE6-846455BA57BF}.Release|x64.Build.0 = Release|Any CPU
		{2831DCD8-ABC0-4332-BCE6-846455BA57BF}.Release|x86.ActiveCfg = Release|Any CPU
		{2831DCD8-ABC0-4332-BCE6-846455BA57BF}.Release|x86.Build.0 = Release|Any CPU
		{F1FF2283-750E-44A7-ABE6-84EB8B5A9D2F}.Debug|Any CPU.ActiveCfg = Debug|Any CPU
		{F1FF2283-750E-44A7-ABE6-84EB8B5A9D2F}.Debug|Any CPU.Build.0 = Debug|Any CPU
		{F1FF2283-750E-44A7-ABE6-84EB8B5A9D2F}.Debug|x64.ActiveCfg = Debug|Any CPU
		{F1FF2283-750E-44A7-ABE6-84EB8B5A9D2F}.Debug|x64.Build.0 = Debug|Any CPU
		{F1FF2283-750E-44A7-ABE6-84EB8B5A9D2F}.Debug|x86.ActiveCfg = Debug|Any CPU
		{F1FF2283-750E-44A7-ABE6-84EB8B5A9D2F}.Debug|x86.Build.0 = Debug|Any CPU
		{F1FF2283-750E-44A7-ABE6-84EB8B5A9D2F}.Release|Any CPU.ActiveCfg = Release|Any CPU
		{F1FF2283-750E-44A7-ABE6-84EB8B5A9D2F}.Release|Any CPU.Build.0 = Release|Any CPU
		{F1FF2283-750E-44A7-ABE6-84EB8B5A9D2F}.Release|x64.ActiveCfg = Release|Any CPU
		{F1FF2283-750E-44A7-ABE6-84EB8B5A9D2F}.Release|x64.Build.0 = Release|Any CPU
		{F1FF2283-750E-44A7-ABE6-84EB8B5A9D2F}.Release|x86.ActiveCfg = Release|Any CPU
		{F1FF2283-750E-44A7-ABE6-84EB8B5A9D2F}.Release|x86.Build.0 = Release|Any CPU
	EndGlobalSection
	GlobalSection(SolutionProperties) = preSolution
		HideSolutionNode = FALSE
	EndGlobalSection
	GlobalSection(NestedProjects) = preSolution
		{5F1C7EB5-98A6-48C8-9F35-2A296148FD01} = {F4DBFB49-2F67-49B0-A60F-E8ED78ACF550}
		{79DCD3B4-4FE7-4C15-B5B8-8498F0E13E78} = {6663429B-6376-4317-8310-C3E15CF7D491}
		{F9EC3615-1D62-4AD3-8E55-0D9CE517A6C6} = {4FB0DAC9-D8C6-4368-B48E-363FA85029A4}
		{ABA4F1B1-F6D0-40A9-904B-EFA98A4C0411} = {4FB0DAC9-D8C6-4368-B48E-363FA85029A4}
		{258F726B-6E51-4F18-9FB6-41D09A836904} = {1ADE2BBF-56C4-433D-9B1C-A532915058D3}
		{4984D8D3-E8FE-4AC8-B285-AC041CB9B30F} = {1ADE2BBF-56C4-433D-9B1C-A532915058D3}
		{B51D7B1B-8DE5-4FD3-9F09-3B320F34FC21} = {BE369D2B-A6BA-4B1D-B3BA-165D80340B1D}
		{A608712F-64B9-49AA-B688-81B7A49436B7} = {4FB0DAC9-D8C6-4368-B48E-363FA85029A4}
		{B7F77019-9165-4D4C-9196-877D4B7181CB} = {A608712F-64B9-49AA-B688-81B7A49436B7}
		{2831DCD8-ABC0-4332-BCE6-846455BA57BF} = {B79DA458-94D5-4BF6-9934-27E0AC24F604}
		{B79DA458-94D5-4BF6-9934-27E0AC24F604} = {F4DBFB49-2F67-49B0-A60F-E8ED78ACF550}
		{F1FF2283-750E-44A7-ABE6-84EB8B5A9D2F} = {4FB0DAC9-D8C6-4368-B48E-363FA85029A4}
	EndGlobalSection
	GlobalSection(ExtensibilityGlobals) = postSolution
		SolutionGuid = {83668757-63F5-48E3-A8E0-8AED6B7562D0}
	EndGlobalSection
EndGlobal
