Microsoft Visual Studio Solution File, Format Version 12.00
# Visual Studio 15
VisualStudioVersion = 15.0.27130.2024
MinimumVisualStudioVersion = 15.0.26124.0
Project("{2150E333-8FDC-42A3-9474-1A3956D46DE8}") = "src", "src", "{4FB0DAC9-D8C6-4368-B48E-363FA85029A4}"
EndProject
Project("{9A19103F-16F7-4668-BE54-9A1E7A4F7556}") = "Jaeger.Core", "src\Jaeger.Core\Jaeger.Core.csproj", "{B0B20678-3793-4DAE-AD7D-096BF0CEADF6}"
EndProject
Project("{2150E333-8FDC-42A3-9474-1A3956D46DE8}") = "test", "test", "{F4DBFB49-2F67-49B0-A60F-E8ED78ACF550}"
EndProject
Project("{9A19103F-16F7-4668-BE54-9A1E7A4F7556}") = "Jaeger.Core.Tests", "test\Jaeger.Core.Tests\Jaeger.Core.Tests.csproj", "{5F1C7EB5-98A6-48C8-9F35-2A296148FD01}"
EndProject
Project("{2150E333-8FDC-42A3-9474-1A3956D46DE8}") = "benchmarks", "benchmarks", "{6663429B-6376-4317-8310-C3E15CF7D491}"
EndProject
Project("{9A19103F-16F7-4668-BE54-9A1E7A4F7556}") = "Jaeger.Benchmarks", "benchmarks\Jaeger.Benchmarks\Jaeger.Benchmarks.csproj", "{79DCD3B4-4FE7-4C15-B5B8-8498F0E13E78}"
EndProject
Project("{9A19103F-16F7-4668-BE54-9A1E7A4F7556}") = "Jaeger.Thrift", "src\Jaeger.Thrift\Jaeger.Thrift.csproj", "{F9EC3615-1D62-4AD3-8E55-0D9CE517A6C6}"
EndProject
Project("{2150E333-8FDC-42A3-9474-1A3956D46DE8}") = "Thrift", "Thrift", "{FB248F0A-11FE-412A-8860-664E337966DC}"
EndProject
Project("{2150E333-8FDC-42A3-9474-1A3956D46DE8}") = "netcore", "netcore", "{2C8AB2EF-30D6-4C8D-BD51-226B9CBBEA78}"
EndProject
Project("{9A19103F-16F7-4668-BE54-9A1E7A4F7556}") = "Thrift", "src\Thrift\netcore\Thrift\Thrift.csproj", "{1FE7FE90-8745-4C1C-9772-1D68B395278E}"
EndProject
Project("{2150E333-8FDC-42A3-9474-1A3956D46DE8}") = "Tests", "Tests", "{B699D79B-C838-4636-B5FF-86FF6D571682}"
EndProject
Project("{9A19103F-16F7-4668-BE54-9A1E7A4F7556}") = "Thrift.Tests", "src\Thrift\netcore\Tests\Thrift.Tests\Thrift.Tests.csproj", "{DC2CEED3-740F-48C5-8A3C-AA74AB582008}"
EndProject
Project("{9A19103F-16F7-4668-BE54-9A1E7A4F7556}") = "Thrift.IntegrationTests", "src\Thrift\netcore\Tests\Thrift.IntegrationTests\Thrift.IntegrationTests.csproj", "{B5C1039A-75E5-4F7F-BDB0-4A9EEA2716D5}"
EndProject
Project("{9A19103F-16F7-4668-BE54-9A1E7A4F7556}") = "Jaeger", "src\Jaeger\Jaeger.csproj", "{ABA4F1B1-F6D0-40A9-904B-EFA98A4C0411}"
EndProject
Project("{2150E333-8FDC-42A3-9474-1A3956D46DE8}") = "examples", "examples", "{1ADE2BBF-56C4-433D-9B1C-A532915058D3}"
EndProject
Project("{FAE04EC0-301F-11D3-BF4B-00C04F79EFBC}") = "Jaeger.Example.WebApi", "examples\Jaeger.Example.WebApi\Jaeger.Example.WebApi.csproj", "{258F726B-6E51-4F18-9FB6-41D09A836904}"
EndProject
Global
	GlobalSection(SolutionConfigurationPlatforms) = preSolution
		Debug|Any CPU = Debug|Any CPU
		Debug|x64 = Debug|x64
		Debug|x86 = Debug|x86
		Release|Any CPU = Release|Any CPU
		Release|x64 = Release|x64
		Release|x86 = Release|x86
	EndGlobalSection
	GlobalSection(ProjectConfigurationPlatforms) = postSolution
		{B0B20678-3793-4DAE-AD7D-096BF0CEADF6}.Debug|Any CPU.ActiveCfg = Debug|Any CPU
		{B0B20678-3793-4DAE-AD7D-096BF0CEADF6}.Debug|Any CPU.Build.0 = Debug|Any CPU
		{B0B20678-3793-4DAE-AD7D-096BF0CEADF6}.Debug|x64.ActiveCfg = Debug|Any CPU
		{B0B20678-3793-4DAE-AD7D-096BF0CEADF6}.Debug|x64.Build.0 = Debug|Any CPU
		{B0B20678-3793-4DAE-AD7D-096BF0CEADF6}.Debug|x86.ActiveCfg = Debug|Any CPU
		{B0B20678-3793-4DAE-AD7D-096BF0CEADF6}.Debug|x86.Build.0 = Debug|Any CPU
		{B0B20678-3793-4DAE-AD7D-096BF0CEADF6}.Release|Any CPU.ActiveCfg = Release|Any CPU
		{B0B20678-3793-4DAE-AD7D-096BF0CEADF6}.Release|Any CPU.Build.0 = Release|Any CPU
		{B0B20678-3793-4DAE-AD7D-096BF0CEADF6}.Release|x64.ActiveCfg = Release|Any CPU
		{B0B20678-3793-4DAE-AD7D-096BF0CEADF6}.Release|x64.Build.0 = Release|Any CPU
		{B0B20678-3793-4DAE-AD7D-096BF0CEADF6}.Release|x86.ActiveCfg = Release|Any CPU
		{B0B20678-3793-4DAE-AD7D-096BF0CEADF6}.Release|x86.Build.0 = Release|Any CPU
		{5F1C7EB5-98A6-48C8-9F35-2A296148FD01}.Debug|Any CPU.ActiveCfg = Debug|Any CPU
		{5F1C7EB5-98A6-48C8-9F35-2A296148FD01}.Debug|Any CPU.Build.0 = Debug|Any CPU
		{5F1C7EB5-98A6-48C8-9F35-2A296148FD01}.Debug|x64.ActiveCfg = Debug|Any CPU
		{5F1C7EB5-98A6-48C8-9F35-2A296148FD01}.Debug|x64.Build.0 = Debug|Any CPU
		{5F1C7EB5-98A6-48C8-9F35-2A296148FD01}.Debug|x86.ActiveCfg = Debug|Any CPU
		{5F1C7EB5-98A6-48C8-9F35-2A296148FD01}.Debug|x86.Build.0 = Debug|Any CPU
		{5F1C7EB5-98A6-48C8-9F35-2A296148FD01}.Release|Any CPU.ActiveCfg = Release|Any CPU
		{5F1C7EB5-98A6-48C8-9F35-2A296148FD01}.Release|Any CPU.Build.0 = Release|Any CPU
		{5F1C7EB5-98A6-48C8-9F35-2A296148FD01}.Release|x64.ActiveCfg = Release|Any CPU
		{5F1C7EB5-98A6-48C8-9F35-2A296148FD01}.Release|x64.Build.0 = Release|Any CPU
		{5F1C7EB5-98A6-48C8-9F35-2A296148FD01}.Release|x86.ActiveCfg = Release|Any CPU
		{5F1C7EB5-98A6-48C8-9F35-2A296148FD01}.Release|x86.Build.0 = Release|Any CPU
		{79DCD3B4-4FE7-4C15-B5B8-8498F0E13E78}.Debug|Any CPU.ActiveCfg = Debug|Any CPU
		{79DCD3B4-4FE7-4C15-B5B8-8498F0E13E78}.Debug|Any CPU.Build.0 = Debug|Any CPU
		{79DCD3B4-4FE7-4C15-B5B8-8498F0E13E78}.Debug|x64.ActiveCfg = Debug|Any CPU
		{79DCD3B4-4FE7-4C15-B5B8-8498F0E13E78}.Debug|x64.Build.0 = Debug|Any CPU
		{79DCD3B4-4FE7-4C15-B5B8-8498F0E13E78}.Debug|x86.ActiveCfg = Debug|Any CPU
		{79DCD3B4-4FE7-4C15-B5B8-8498F0E13E78}.Debug|x86.Build.0 = Debug|Any CPU
		{79DCD3B4-4FE7-4C15-B5B8-8498F0E13E78}.Release|Any CPU.ActiveCfg = Release|Any CPU
		{79DCD3B4-4FE7-4C15-B5B8-8498F0E13E78}.Release|Any CPU.Build.0 = Release|Any CPU
		{79DCD3B4-4FE7-4C15-B5B8-8498F0E13E78}.Release|x64.ActiveCfg = Release|Any CPU
		{79DCD3B4-4FE7-4C15-B5B8-8498F0E13E78}.Release|x64.Build.0 = Release|Any CPU
		{79DCD3B4-4FE7-4C15-B5B8-8498F0E13E78}.Release|x86.ActiveCfg = Release|Any CPU
		{79DCD3B4-4FE7-4C15-B5B8-8498F0E13E78}.Release|x86.Build.0 = Release|Any CPU
		{F9EC3615-1D62-4AD3-8E55-0D9CE517A6C6}.Debug|Any CPU.ActiveCfg = Debug|Any CPU
		{F9EC3615-1D62-4AD3-8E55-0D9CE517A6C6}.Debug|Any CPU.Build.0 = Debug|Any CPU
		{F9EC3615-1D62-4AD3-8E55-0D9CE517A6C6}.Debug|x64.ActiveCfg = Debug|Any CPU
		{F9EC3615-1D62-4AD3-8E55-0D9CE517A6C6}.Debug|x64.Build.0 = Debug|Any CPU
		{F9EC3615-1D62-4AD3-8E55-0D9CE517A6C6}.Debug|x86.ActiveCfg = Debug|Any CPU
		{F9EC3615-1D62-4AD3-8E55-0D9CE517A6C6}.Debug|x86.Build.0 = Debug|Any CPU
		{F9EC3615-1D62-4AD3-8E55-0D9CE517A6C6}.Release|Any CPU.ActiveCfg = Release|Any CPU
		{F9EC3615-1D62-4AD3-8E55-0D9CE517A6C6}.Release|Any CPU.Build.0 = Release|Any CPU
		{F9EC3615-1D62-4AD3-8E55-0D9CE517A6C6}.Release|x64.ActiveCfg = Release|Any CPU
		{F9EC3615-1D62-4AD3-8E55-0D9CE517A6C6}.Release|x64.Build.0 = Release|Any CPU
		{F9EC3615-1D62-4AD3-8E55-0D9CE517A6C6}.Release|x86.ActiveCfg = Release|Any CPU
		{F9EC3615-1D62-4AD3-8E55-0D9CE517A6C6}.Release|x86.Build.0 = Release|Any CPU
		{1FE7FE90-8745-4C1C-9772-1D68B395278E}.Debug|Any CPU.ActiveCfg = Debug|Any CPU
		{1FE7FE90-8745-4C1C-9772-1D68B395278E}.Debug|Any CPU.Build.0 = Debug|Any CPU
		{1FE7FE90-8745-4C1C-9772-1D68B395278E}.Debug|x64.ActiveCfg = Debug|Any CPU
		{1FE7FE90-8745-4C1C-9772-1D68B395278E}.Debug|x64.Build.0 = Debug|Any CPU
		{1FE7FE90-8745-4C1C-9772-1D68B395278E}.Debug|x86.ActiveCfg = Debug|Any CPU
		{1FE7FE90-8745-4C1C-9772-1D68B395278E}.Debug|x86.Build.0 = Debug|Any CPU
		{1FE7FE90-8745-4C1C-9772-1D68B395278E}.Release|Any CPU.ActiveCfg = Release|Any CPU
		{1FE7FE90-8745-4C1C-9772-1D68B395278E}.Release|Any CPU.Build.0 = Release|Any CPU
		{1FE7FE90-8745-4C1C-9772-1D68B395278E}.Release|x64.ActiveCfg = Release|Any CPU
		{1FE7FE90-8745-4C1C-9772-1D68B395278E}.Release|x64.Build.0 = Release|Any CPU
		{1FE7FE90-8745-4C1C-9772-1D68B395278E}.Release|x86.ActiveCfg = Release|Any CPU
		{1FE7FE90-8745-4C1C-9772-1D68B395278E}.Release|x86.Build.0 = Release|Any CPU
		{DC2CEED3-740F-48C5-8A3C-AA74AB582008}.Debug|Any CPU.ActiveCfg = Debug|Any CPU
		{DC2CEED3-740F-48C5-8A3C-AA74AB582008}.Debug|Any CPU.Build.0 = Debug|Any CPU
		{DC2CEED3-740F-48C5-8A3C-AA74AB582008}.Debug|x64.ActiveCfg = Debug|Any CPU
		{DC2CEED3-740F-48C5-8A3C-AA74AB582008}.Debug|x64.Build.0 = Debug|Any CPU
		{DC2CEED3-740F-48C5-8A3C-AA74AB582008}.Debug|x86.ActiveCfg = Debug|Any CPU
		{DC2CEED3-740F-48C5-8A3C-AA74AB582008}.Debug|x86.Build.0 = Debug|Any CPU
		{DC2CEED3-740F-48C5-8A3C-AA74AB582008}.Release|Any CPU.ActiveCfg = Release|Any CPU
		{DC2CEED3-740F-48C5-8A3C-AA74AB582008}.Release|Any CPU.Build.0 = Release|Any CPU
		{DC2CEED3-740F-48C5-8A3C-AA74AB582008}.Release|x64.ActiveCfg = Release|Any CPU
		{DC2CEED3-740F-48C5-8A3C-AA74AB582008}.Release|x64.Build.0 = Release|Any CPU
		{DC2CEED3-740F-48C5-8A3C-AA74AB582008}.Release|x86.ActiveCfg = Release|Any CPU
		{DC2CEED3-740F-48C5-8A3C-AA74AB582008}.Release|x86.Build.0 = Release|Any CPU
		{B5C1039A-75E5-4F7F-BDB0-4A9EEA2716D5}.Debug|Any CPU.ActiveCfg = Debug|Any CPU
		{B5C1039A-75E5-4F7F-BDB0-4A9EEA2716D5}.Debug|Any CPU.Build.0 = Debug|Any CPU
		{B5C1039A-75E5-4F7F-BDB0-4A9EEA2716D5}.Debug|x64.ActiveCfg = Debug|Any CPU
		{B5C1039A-75E5-4F7F-BDB0-4A9EEA2716D5}.Debug|x64.Build.0 = Debug|Any CPU
		{B5C1039A-75E5-4F7F-BDB0-4A9EEA2716D5}.Debug|x86.ActiveCfg = Debug|Any CPU
		{B5C1039A-75E5-4F7F-BDB0-4A9EEA2716D5}.Debug|x86.Build.0 = Debug|Any CPU
		{B5C1039A-75E5-4F7F-BDB0-4A9EEA2716D5}.Release|Any CPU.ActiveCfg = Release|Any CPU
		{B5C1039A-75E5-4F7F-BDB0-4A9EEA2716D5}.Release|Any CPU.Build.0 = Release|Any CPU
		{B5C1039A-75E5-4F7F-BDB0-4A9EEA2716D5}.Release|x64.ActiveCfg = Release|Any CPU
		{B5C1039A-75E5-4F7F-BDB0-4A9EEA2716D5}.Release|x64.Build.0 = Release|Any CPU
		{B5C1039A-75E5-4F7F-BDB0-4A9EEA2716D5}.Release|x86.ActiveCfg = Release|Any CPU
		{B5C1039A-75E5-4F7F-BDB0-4A9EEA2716D5}.Release|x86.Build.0 = Release|Any CPU
		{ABA4F1B1-F6D0-40A9-904B-EFA98A4C0411}.Debug|Any CPU.ActiveCfg = Debug|Any CPU
		{ABA4F1B1-F6D0-40A9-904B-EFA98A4C0411}.Debug|Any CPU.Build.0 = Debug|Any CPU
		{ABA4F1B1-F6D0-40A9-904B-EFA98A4C0411}.Debug|x64.ActiveCfg = Debug|Any CPU
		{ABA4F1B1-F6D0-40A9-904B-EFA98A4C0411}.Debug|x64.Build.0 = Debug|Any CPU
		{ABA4F1B1-F6D0-40A9-904B-EFA98A4C0411}.Debug|x86.ActiveCfg = Debug|Any CPU
		{ABA4F1B1-F6D0-40A9-904B-EFA98A4C0411}.Debug|x86.Build.0 = Debug|Any CPU
		{ABA4F1B1-F6D0-40A9-904B-EFA98A4C0411}.Release|Any CPU.ActiveCfg = Release|Any CPU
		{ABA4F1B1-F6D0-40A9-904B-EFA98A4C0411}.Release|Any CPU.Build.0 = Release|Any CPU
		{ABA4F1B1-F6D0-40A9-904B-EFA98A4C0411}.Release|x64.ActiveCfg = Release|Any CPU
		{ABA4F1B1-F6D0-40A9-904B-EFA98A4C0411}.Release|x64.Build.0 = Release|Any CPU
		{ABA4F1B1-F6D0-40A9-904B-EFA98A4C0411}.Release|x86.ActiveCfg = Release|Any CPU
		{ABA4F1B1-F6D0-40A9-904B-EFA98A4C0411}.Release|x86.Build.0 = Release|Any CPU
		{258F726B-6E51-4F18-9FB6-41D09A836904}.Debug|Any CPU.ActiveCfg = Debug|Any CPU
		{258F726B-6E51-4F18-9FB6-41D09A836904}.Debug|Any CPU.Build.0 = Debug|Any CPU
		{258F726B-6E51-4F18-9FB6-41D09A836904}.Debug|x64.ActiveCfg = Debug|Any CPU
		{258F726B-6E51-4F18-9FB6-41D09A836904}.Debug|x64.Build.0 = Debug|Any CPU
		{258F726B-6E51-4F18-9FB6-41D09A836904}.Debug|x86.ActiveCfg = Debug|Any CPU
		{258F726B-6E51-4F18-9FB6-41D09A836904}.Debug|x86.Build.0 = Debug|Any CPU
		{258F726B-6E51-4F18-9FB6-41D09A836904}.Release|Any CPU.ActiveCfg = Release|Any CPU
		{258F726B-6E51-4F18-9FB6-41D09A836904}.Release|Any CPU.Build.0 = Release|Any CPU
		{258F726B-6E51-4F18-9FB6-41D09A836904}.Release|x64.ActiveCfg = Release|Any CPU
		{258F726B-6E51-4F18-9FB6-41D09A836904}.Release|x64.Build.0 = Release|Any CPU
		{258F726B-6E51-4F18-9FB6-41D09A836904}.Release|x86.ActiveCfg = Release|Any CPU
		{258F726B-6E51-4F18-9FB6-41D09A836904}.Release|x86.Build.0 = Release|Any CPU
	EndGlobalSection
	GlobalSection(SolutionProperties) = preSolution
		HideSolutionNode = FALSE
	EndGlobalSection
	GlobalSection(NestedProjects) = preSolution
		{B0B20678-3793-4DAE-AD7D-096BF0CEADF6} = {4FB0DAC9-D8C6-4368-B48E-363FA85029A4}
		{5F1C7EB5-98A6-48C8-9F35-2A296148FD01} = {F4DBFB49-2F67-49B0-A60F-E8ED78ACF550}
		{79DCD3B4-4FE7-4C15-B5B8-8498F0E13E78} = {6663429B-6376-4317-8310-C3E15CF7D491}
		{F9EC3615-1D62-4AD3-8E55-0D9CE517A6C6} = {4FB0DAC9-D8C6-4368-B48E-363FA85029A4}
		{FB248F0A-11FE-412A-8860-664E337966DC} = {4FB0DAC9-D8C6-4368-B48E-363FA85029A4}
		{2C8AB2EF-30D6-4C8D-BD51-226B9CBBEA78} = {FB248F0A-11FE-412A-8860-664E337966DC}
		{1FE7FE90-8745-4C1C-9772-1D68B395278E} = {2C8AB2EF-30D6-4C8D-BD51-226B9CBBEA78}
		{B699D79B-C838-4636-B5FF-86FF6D571682} = {2C8AB2EF-30D6-4C8D-BD51-226B9CBBEA78}
		{DC2CEED3-740F-48C5-8A3C-AA74AB582008} = {B699D79B-C838-4636-B5FF-86FF6D571682}
		{B5C1039A-75E5-4F7F-BDB0-4A9EEA2716D5} = {B699D79B-C838-4636-B5FF-86FF6D571682}
		{ABA4F1B1-F6D0-40A9-904B-EFA98A4C0411} = {4FB0DAC9-D8C6-4368-B48E-363FA85029A4}
		{258F726B-6E51-4F18-9FB6-41D09A836904} = {1ADE2BBF-56C4-433D-9B1C-A532915058D3}
	EndGlobalSection
	GlobalSection(ExtensibilityGlobals) = postSolution
		SolutionGuid = {83668757-63F5-48E3-A8E0-8AED6B7562D0}
	EndGlobalSection
EndGlobal
