Microsoft Visual Studio Solution File, Format Version 12.00
# Visual Studio 15
VisualStudioVersion = 15.0.27130.2024
MinimumVisualStudioVersion = 15.0.26124.0
Project("{2150E333-8FDC-42A3-9474-1A3956D46DE8}") = "src", "src", "{4FB0DAC9-D8C6-4368-B48E-363FA85029A4}"
EndProject
Project("{9A19103F-16F7-4668-BE54-9A1E7A4F7556}") = "LetsTrace", "src\LetsTrace\LetsTrace.csproj", "{B0B20678-3793-4DAE-AD7D-096BF0CEADF6}"
EndProject
Project("{2150E333-8FDC-42A3-9474-1A3956D46DE8}") = "test", "test", "{F4DBFB49-2F67-49B0-A60F-E8ED78ACF550}"
EndProject
Project("{9A19103F-16F7-4668-BE54-9A1E7A4F7556}") = "LetsTrace.Tests", "test\LetsTrace.Tests\LetsTrace.Tests.csproj", "{5F1C7EB5-98A6-48C8-9F35-2A296148FD01}"
EndProject
Project("{9A19103F-16F7-4668-BE54-9A1E7A4F7556}") = "Thrift", "src\Thrift\netcore\Thrift\Thrift.csproj", "{4B0477B2-E6F6-4113-B7C9-E2653227A4A9}"
EndProject
Project("{9A19103F-16F7-4668-BE54-9A1E7A4F7556}") = "Jaeger.Thrift", "src\Jaeger.Thrift\Jaeger.Thrift.csproj", "{3FA8394C-F181-46EA-8AE1-EFEF9C31EEB9}"
EndProject
Project("{9A19103F-16F7-4668-BE54-9A1E7A4F7556}") = "LetsTrace.Jaeger", "src\LetsTrace.Jaeger\LetsTrace.Jaeger.csproj", "{873DB389-4390-465D-975E-294A828EEAB3}"
EndProject
Project("{9A19103F-16F7-4668-BE54-9A1E7A4F7556}") = "LetsTrace.Jaeger.Tests", "test\LetsTrace.Jaeger.Tests\LetsTrace.Jaeger.Tests.csproj", "{D1D393B3-735B-4D5F-84B7-B045B20965CD}"
EndProject
Global
	GlobalSection(SolutionConfigurationPlatforms) = preSolution
		Debug|Any CPU = Debug|Any CPU
		Debug|x64 = Debug|x64
		Debug|x86 = Debug|x86
		Release|Any CPU = Release|Any CPU
		Release|x64 = Release|x64
		Release|x86 = Release|x86
	EndGlobalSection
	GlobalSection(ProjectConfigurationPlatforms) = postSolution
		{B0B20678-3793-4DAE-AD7D-096BF0CEADF6}.Debug|Any CPU.ActiveCfg = Debug|Any CPU
		{B0B20678-3793-4DAE-AD7D-096BF0CEADF6}.Debug|Any CPU.Build.0 = Debug|Any CPU
		{B0B20678-3793-4DAE-AD7D-096BF0CEADF6}.Debug|x64.ActiveCfg = Debug|Any CPU
		{B0B20678-3793-4DAE-AD7D-096BF0CEADF6}.Debug|x64.Build.0 = Debug|Any CPU
		{B0B20678-3793-4DAE-AD7D-096BF0CEADF6}.Debug|x86.ActiveCfg = Debug|Any CPU
		{B0B20678-3793-4DAE-AD7D-096BF0CEADF6}.Debug|x86.Build.0 = Debug|Any CPU
		{B0B20678-3793-4DAE-AD7D-096BF0CEADF6}.Release|Any CPU.ActiveCfg = Release|Any CPU
		{B0B20678-3793-4DAE-AD7D-096BF0CEADF6}.Release|Any CPU.Build.0 = Release|Any CPU
		{B0B20678-3793-4DAE-AD7D-096BF0CEADF6}.Release|x64.ActiveCfg = Release|Any CPU
		{B0B20678-3793-4DAE-AD7D-096BF0CEADF6}.Release|x64.Build.0 = Release|Any CPU
		{B0B20678-3793-4DAE-AD7D-096BF0CEADF6}.Release|x86.ActiveCfg = Release|Any CPU
		{B0B20678-3793-4DAE-AD7D-096BF0CEADF6}.Release|x86.Build.0 = Release|Any CPU
		{5F1C7EB5-98A6-48C8-9F35-2A296148FD01}.Debug|Any CPU.ActiveCfg = Debug|Any CPU
		{5F1C7EB5-98A6-48C8-9F35-2A296148FD01}.Debug|Any CPU.Build.0 = Debug|Any CPU
		{5F1C7EB5-98A6-48C8-9F35-2A296148FD01}.Debug|x64.ActiveCfg = Debug|Any CPU
		{5F1C7EB5-98A6-48C8-9F35-2A296148FD01}.Debug|x64.Build.0 = Debug|Any CPU
		{5F1C7EB5-98A6-48C8-9F35-2A296148FD01}.Debug|x86.ActiveCfg = Debug|Any CPU
		{5F1C7EB5-98A6-48C8-9F35-2A296148FD01}.Debug|x86.Build.0 = Debug|Any CPU
		{5F1C7EB5-98A6-48C8-9F35-2A296148FD01}.Release|Any CPU.ActiveCfg = Release|Any CPU
		{5F1C7EB5-98A6-48C8-9F35-2A296148FD01}.Release|Any CPU.Build.0 = Release|Any CPU
		{5F1C7EB5-98A6-48C8-9F35-2A296148FD01}.Release|x64.ActiveCfg = Release|Any CPU
		{5F1C7EB5-98A6-48C8-9F35-2A296148FD01}.Release|x64.Build.0 = Release|Any CPU
		{5F1C7EB5-98A6-48C8-9F35-2A296148FD01}.Release|x86.ActiveCfg = Release|Any CPU
		{5F1C7EB5-98A6-48C8-9F35-2A296148FD01}.Release|x86.Build.0 = Release|Any CPU
		{4B0477B2-E6F6-4113-B7C9-E2653227A4A9}.Debug|Any CPU.ActiveCfg = Debug|Any CPU
		{4B0477B2-E6F6-4113-B7C9-E2653227A4A9}.Debug|Any CPU.Build.0 = Debug|Any CPU
		{4B0477B2-E6F6-4113-B7C9-E2653227A4A9}.Debug|x64.ActiveCfg = Debug|Any CPU
		{4B0477B2-E6F6-4113-B7C9-E2653227A4A9}.Debug|x64.Build.0 = Debug|Any CPU
		{4B0477B2-E6F6-4113-B7C9-E2653227A4A9}.Debug|x86.ActiveCfg = Debug|Any CPU
		{4B0477B2-E6F6-4113-B7C9-E2653227A4A9}.Debug|x86.Build.0 = Debug|Any CPU
		{4B0477B2-E6F6-4113-B7C9-E2653227A4A9}.Release|Any CPU.ActiveCfg = Release|Any CPU
		{4B0477B2-E6F6-4113-B7C9-E2653227A4A9}.Release|Any CPU.Build.0 = Release|Any CPU
		{4B0477B2-E6F6-4113-B7C9-E2653227A4A9}.Release|x64.ActiveCfg = Release|Any CPU
		{4B0477B2-E6F6-4113-B7C9-E2653227A4A9}.Release|x64.Build.0 = Release|Any CPU
		{4B0477B2-E6F6-4113-B7C9-E2653227A4A9}.Release|x86.ActiveCfg = Release|Any CPU
		{4B0477B2-E6F6-4113-B7C9-E2653227A4A9}.Release|x86.Build.0 = Release|Any CPU
		{3FA8394C-F181-46EA-8AE1-EFEF9C31EEB9}.Debug|Any CPU.ActiveCfg = Debug|Any CPU
		{3FA8394C-F181-46EA-8AE1-EFEF9C31EEB9}.Debug|Any CPU.Build.0 = Debug|Any CPU
		{3FA8394C-F181-46EA-8AE1-EFEF9C31EEB9}.Debug|x64.ActiveCfg = Debug|Any CPU
		{3FA8394C-F181-46EA-8AE1-EFEF9C31EEB9}.Debug|x64.Build.0 = Debug|Any CPU
		{3FA8394C-F181-46EA-8AE1-EFEF9C31EEB9}.Debug|x86.ActiveCfg = Debug|Any CPU
		{3FA8394C-F181-46EA-8AE1-EFEF9C31EEB9}.Debug|x86.Build.0 = Debug|Any CPU
		{3FA8394C-F181-46EA-8AE1-EFEF9C31EEB9}.Release|Any CPU.ActiveCfg = Release|Any CPU
		{3FA8394C-F181-46EA-8AE1-EFEF9C31EEB9}.Release|Any CPU.Build.0 = Release|Any CPU
		{3FA8394C-F181-46EA-8AE1-EFEF9C31EEB9}.Release|x64.ActiveCfg = Release|Any CPU
		{3FA8394C-F181-46EA-8AE1-EFEF9C31EEB9}.Release|x64.Build.0 = Release|Any CPU
		{3FA8394C-F181-46EA-8AE1-EFEF9C31EEB9}.Release|x86.ActiveCfg = Release|Any CPU
		{3FA8394C-F181-46EA-8AE1-EFEF9C31EEB9}.Release|x86.Build.0 = Release|Any CPU
		{873DB389-4390-465D-975E-294A828EEAB3}.Debug|Any CPU.ActiveCfg = Debug|Any CPU
		{873DB389-4390-465D-975E-294A828EEAB3}.Debug|Any CPU.Build.0 = Debug|Any CPU
		{873DB389-4390-465D-975E-294A828EEAB3}.Debug|x64.ActiveCfg = Debug|Any CPU
		{873DB389-4390-465D-975E-294A828EEAB3}.Debug|x64.Build.0 = Debug|Any CPU
		{873DB389-4390-465D-975E-294A828EEAB3}.Debug|x86.ActiveCfg = Debug|Any CPU
		{873DB389-4390-465D-975E-294A828EEAB3}.Debug|x86.Build.0 = Debug|Any CPU
		{873DB389-4390-465D-975E-294A828EEAB3}.Release|Any CPU.ActiveCfg = Release|Any CPU
		{873DB389-4390-465D-975E-294A828EEAB3}.Release|Any CPU.Build.0 = Release|Any CPU
		{873DB389-4390-465D-975E-294A828EEAB3}.Release|x64.ActiveCfg = Release|Any CPU
		{873DB389-4390-465D-975E-294A828EEAB3}.Release|x64.Build.0 = Release|Any CPU
		{873DB389-4390-465D-975E-294A828EEAB3}.Release|x86.ActiveCfg = Release|Any CPU
		{873DB389-4390-465D-975E-294A828EEAB3}.Release|x86.Build.0 = Release|Any CPU
		{D1D393B3-735B-4D5F-84B7-B045B20965CD}.Debug|Any CPU.ActiveCfg = Debug|Any CPU
		{D1D393B3-735B-4D5F-84B7-B045B20965CD}.Debug|Any CPU.Build.0 = Debug|Any CPU
		{D1D393B3-735B-4D5F-84B7-B045B20965CD}.Debug|x64.ActiveCfg = Debug|Any CPU
		{D1D393B3-735B-4D5F-84B7-B045B20965CD}.Debug|x64.Build.0 = Debug|Any CPU
		{D1D393B3-735B-4D5F-84B7-B045B20965CD}.Debug|x86.ActiveCfg = Debug|Any CPU
		{D1D393B3-735B-4D5F-84B7-B045B20965CD}.Debug|x86.Build.0 = Debug|Any CPU
		{D1D393B3-735B-4D5F-84B7-B045B20965CD}.Release|Any CPU.ActiveCfg = Release|Any CPU
		{D1D393B3-735B-4D5F-84B7-B045B20965CD}.Release|Any CPU.Build.0 = Release|Any CPU
		{D1D393B3-735B-4D5F-84B7-B045B20965CD}.Release|x64.ActiveCfg = Release|Any CPU
		{D1D393B3-735B-4D5F-84B7-B045B20965CD}.Release|x64.Build.0 = Release|Any CPU
		{D1D393B3-735B-4D5F-84B7-B045B20965CD}.Release|x86.ActiveCfg = Release|Any CPU
		{D1D393B3-735B-4D5F-84B7-B045B20965CD}.Release|x86.Build.0 = Release|Any CPU
	EndGlobalSection
	GlobalSection(SolutionProperties) = preSolution
		HideSolutionNode = FALSE
	EndGlobalSection
	GlobalSection(NestedProjects) = preSolution
		{B0B20678-3793-4DAE-AD7D-096BF0CEADF6} = {4FB0DAC9-D8C6-4368-B48E-363FA85029A4}
		{5F1C7EB5-98A6-48C8-9F35-2A296148FD01} = {F4DBFB49-2F67-49B0-A60F-E8ED78ACF550}
		{4B0477B2-E6F6-4113-B7C9-E2653227A4A9} = {4FB0DAC9-D8C6-4368-B48E-363FA85029A4}
		{3FA8394C-F181-46EA-8AE1-EFEF9C31EEB9} = {4FB0DAC9-D8C6-4368-B48E-363FA85029A4}
		{873DB389-4390-465D-975E-294A828EEAB3} = {4FB0DAC9-D8C6-4368-B48E-363FA85029A4}
		{D1D393B3-735B-4D5F-84B7-B045B20965CD} = {F4DBFB49-2F67-49B0-A60F-E8ED78ACF550}
	EndGlobalSection
	GlobalSection(ExtensibilityGlobals) = postSolution
		SolutionGuid = {57C06F4C-3427-47DC-A61B-592BEC7CB1F8}
	EndGlobalSection
EndGlobal
