
Microsoft Visual Studio Solution File, Format Version 12.00
# Visual Studio 15
VisualStudioVersion = 15.0.26124.0
MinimumVisualStudioVersion = 15.0.26124.0
Project("{2150E333-8FDC-42A3-9474-1A3956D46DE8}") = "src", "src", "{3B818648-E15C-4DBF-83BF-31723E5153E5}"
EndProject
Project("{FAE04EC0-301F-11D3-BF4B-00C04F79EFBC}") = "LetsTrace", "src\LetsTrace\LetsTrace.csproj", "{69D8B932-5742-487F-BBA0-88D99AE93501}"
EndProject
Project("{2150E333-8FDC-42A3-9474-1A3956D46DE8}") = "test", "test", "{B6A7440B-D8FC-4C38-9B10-0363AA5558A9}"
EndProject
Project("{FAE04EC0-301F-11D3-BF4B-00C04F79EFBC}") = "LetsTrace.Tests", "test\LetsTrace.Tests\LetsTrace.Tests.csproj", "{377FED0C-9529-4299-B042-5736516B707C}"
EndProject
Project("{2150E333-8FDC-42A3-9474-1A3956D46DE8}") = "Thrift", "Thrift", "{35296DB0-07FB-49DD-849A-8F6EDDA29D6D}"
EndProject
Project("{2150E333-8FDC-42A3-9474-1A3956D46DE8}") = "netcore", "netcore", "{EEEEB430-B0F1-4247-A48E-27863D43AC27}"
EndProject
Project("{FAE04EC0-301F-11D3-BF4B-00C04F79EFBC}") = "Thrift", "src\Thrift\netcore\Thrift\Thrift.csproj", "{4AA798E4-C06F-44EE-ADF2-0F041B9A3558}"
EndProject
Project("{2150E333-8FDC-42A3-9474-1A3956D46DE8}") = "Jaeger", "Jaeger", "{1C12DF6F-BEA6-4744-9009-37D54C58DF73}"
EndProject
Project("{FAE04EC0-301F-11D3-BF4B-00C04F79EFBC}") = "Jaeger.Thrift", "src\Jaeger\Jaeger.Thrift\Jaeger.Thrift.csproj", "{0DD0A572-ED7A-439B-A3E8-7D357FF91679}"
EndProject
Global
	GlobalSection(SolutionConfigurationPlatforms) = preSolution
		Debug|Any CPU = Debug|Any CPU
		Debug|x64 = Debug|x64
		Debug|x86 = Debug|x86
		Release|Any CPU = Release|Any CPU
		Release|x64 = Release|x64
		Release|x86 = Release|x86
	EndGlobalSection
	GlobalSection(SolutionProperties) = preSolution
		HideSolutionNode = FALSE
	EndGlobalSection
	GlobalSection(ProjectConfigurationPlatforms) = postSolution
		{69D8B932-5742-487F-BBA0-88D99AE93501}.Debug|Any CPU.ActiveCfg = Debug|Any CPU
		{69D8B932-5742-487F-BBA0-88D99AE93501}.Debug|Any CPU.Build.0 = Debug|Any CPU
		{69D8B932-5742-487F-BBA0-88D99AE93501}.Debug|x64.ActiveCfg = Debug|x64
		{69D8B932-5742-487F-BBA0-88D99AE93501}.Debug|x64.Build.0 = Debug|x64
		{69D8B932-5742-487F-BBA0-88D99AE93501}.Debug|x86.ActiveCfg = Debug|x86
		{69D8B932-5742-487F-BBA0-88D99AE93501}.Debug|x86.Build.0 = Debug|x86
		{69D8B932-5742-487F-BBA0-88D99AE93501}.Release|Any CPU.ActiveCfg = Release|Any CPU
		{69D8B932-5742-487F-BBA0-88D99AE93501}.Release|Any CPU.Build.0 = Release|Any CPU
		{69D8B932-5742-487F-BBA0-88D99AE93501}.Release|x64.ActiveCfg = Release|x64
		{69D8B932-5742-487F-BBA0-88D99AE93501}.Release|x64.Build.0 = Release|x64
		{69D8B932-5742-487F-BBA0-88D99AE93501}.Release|x86.ActiveCfg = Release|x86
		{69D8B932-5742-487F-BBA0-88D99AE93501}.Release|x86.Build.0 = Release|x86
		{377FED0C-9529-4299-B042-5736516B707C}.Debug|Any CPU.ActiveCfg = Debug|Any CPU
		{377FED0C-9529-4299-B042-5736516B707C}.Debug|Any CPU.Build.0 = Debug|Any CPU
		{377FED0C-9529-4299-B042-5736516B707C}.Debug|x64.ActiveCfg = Debug|x64
		{377FED0C-9529-4299-B042-5736516B707C}.Debug|x64.Build.0 = Debug|x64
		{377FED0C-9529-4299-B042-5736516B707C}.Debug|x86.ActiveCfg = Debug|x86
		{377FED0C-9529-4299-B042-5736516B707C}.Debug|x86.Build.0 = Debug|x86
		{377FED0C-9529-4299-B042-5736516B707C}.Release|Any CPU.ActiveCfg = Release|Any CPU
		{377FED0C-9529-4299-B042-5736516B707C}.Release|Any CPU.Build.0 = Release|Any CPU
		{377FED0C-9529-4299-B042-5736516B707C}.Release|x64.ActiveCfg = Release|x64
		{377FED0C-9529-4299-B042-5736516B707C}.Release|x64.Build.0 = Release|x64
		{377FED0C-9529-4299-B042-5736516B707C}.Release|x86.ActiveCfg = Release|x86
		{377FED0C-9529-4299-B042-5736516B707C}.Release|x86.Build.0 = Release|x86
		{4AA798E4-C06F-44EE-ADF2-0F041B9A3558}.Debug|Any CPU.ActiveCfg = Debug|Any CPU
		{4AA798E4-C06F-44EE-ADF2-0F041B9A3558}.Debug|Any CPU.Build.0 = Debug|Any CPU
		{4AA798E4-C06F-44EE-ADF2-0F041B9A3558}.Debug|x64.ActiveCfg = Debug|x64
		{4AA798E4-C06F-44EE-ADF2-0F041B9A3558}.Debug|x64.Build.0 = Debug|x64
		{4AA798E4-C06F-44EE-ADF2-0F041B9A3558}.Debug|x86.ActiveCfg = Debug|x86
		{4AA798E4-C06F-44EE-ADF2-0F041B9A3558}.Debug|x86.Build.0 = Debug|x86
		{4AA798E4-C06F-44EE-ADF2-0F041B9A3558}.Release|Any CPU.ActiveCfg = Release|Any CPU
		{4AA798E4-C06F-44EE-ADF2-0F041B9A3558}.Release|Any CPU.Build.0 = Release|Any CPU
		{4AA798E4-C06F-44EE-ADF2-0F041B9A3558}.Release|x64.ActiveCfg = Release|x64
		{4AA798E4-C06F-44EE-ADF2-0F041B9A3558}.Release|x64.Build.0 = Release|x64
		{4AA798E4-C06F-44EE-ADF2-0F041B9A3558}.Release|x86.ActiveCfg = Release|x86
		{4AA798E4-C06F-44EE-ADF2-0F041B9A3558}.Release|x86.Build.0 = Release|x86
		{0DD0A572-ED7A-439B-A3E8-7D357FF91679}.Debug|Any CPU.ActiveCfg = Debug|Any CPU
		{0DD0A572-ED7A-439B-A3E8-7D357FF91679}.Debug|Any CPU.Build.0 = Debug|Any CPU
		{0DD0A572-ED7A-439B-A3E8-7D357FF91679}.Debug|x64.ActiveCfg = Debug|x64
		{0DD0A572-ED7A-439B-A3E8-7D357FF91679}.Debug|x64.Build.0 = Debug|x64
		{0DD0A572-ED7A-439B-A3E8-7D357FF91679}.Debug|x86.ActiveCfg = Debug|x86
		{0DD0A572-ED7A-439B-A3E8-7D357FF91679}.Debug|x86.Build.0 = Debug|x86
		{0DD0A572-ED7A-439B-A3E8-7D357FF91679}.Release|Any CPU.ActiveCfg = Release|Any CPU
		{0DD0A572-ED7A-439B-A3E8-7D357FF91679}.Release|Any CPU.Build.0 = Release|Any CPU
		{0DD0A572-ED7A-439B-A3E8-7D357FF91679}.Release|x64.ActiveCfg = Release|x64
		{0DD0A572-ED7A-439B-A3E8-7D357FF91679}.Release|x64.Build.0 = Release|x64
		{0DD0A572-ED7A-439B-A3E8-7D357FF91679}.Release|x86.ActiveCfg = Release|x86
		{0DD0A572-ED7A-439B-A3E8-7D357FF91679}.Release|x86.Build.0 = Release|x86
	EndGlobalSection
	GlobalSection(NestedProjects) = preSolution
		{69D8B932-5742-487F-BBA0-88D99AE93501} = {3B818648-E15C-4DBF-83BF-31723E5153E5}
		{377FED0C-9529-4299-B042-5736516B707C} = {B6A7440B-D8FC-4C38-9B10-0363AA5558A9}
		{35296DB0-07FB-49DD-849A-8F6EDDA29D6D} = {3B818648-E15C-4DBF-83BF-31723E5153E5}
		{EEEEB430-B0F1-4247-A48E-27863D43AC27} = {35296DB0-07FB-49DD-849A-8F6EDDA29D6D}
		{4AA798E4-C06F-44EE-ADF2-0F041B9A3558} = {EEEEB430-B0F1-4247-A48E-27863D43AC27}
		{1C12DF6F-BEA6-4744-9009-37D54C58DF73} = {3B818648-E15C-4DBF-83BF-31723E5153E5}
		{0DD0A572-ED7A-439B-A3E8-7D357FF91679} = {1C12DF6F-BEA6-4744-9009-37D54C58DF73}
	EndGlobalSection
EndGlobal
