Microsoft Visual Studio Solution File, Format Version 12.00
# Visual Studio 15
VisualStudioVersion = 15.0.27130.2024
MinimumVisualStudioVersion = 15.0.26124.0
Project("{9A19103F-16F7-4668-BE54-9A1E7A4F7556}") = "Jaeger.Example.WebApi", "Jaeger.Example.WebApi.csproj", "{3CB45E2D-B96F-404B-938E-A6679A6FC18B}"
EndProject
Project("{9A19103F-16F7-4668-BE54-9A1E7A4F7556}") = "Jaeger.Core", "..\..\src\Jaeger.Core\Jaeger.Core.csproj", "{44B20AC2-EBE2-4130-9D8B-46EF2090C4D1}"
EndProject
Global
	GlobalSection(SolutionConfigurationPlatforms) = preSolution
		Debug|Any CPU = Debug|Any CPU
		Debug|x64 = Debug|x64
		Debug|x86 = Debug|x86
		Release|Any CPU = Release|Any CPU
		Release|x64 = Release|x64
		Release|x86 = Release|x86
	EndGlobalSection
	GlobalSection(ProjectConfigurationPlatforms) = postSolution
		{3CB45E2D-B96F-404B-938E-A6679A6FC18B}.Debug|Any CPU.ActiveCfg = Debug|Any CPU
		{3CB45E2D-B96F-404B-938E-A6679A6FC18B}.Debug|Any CPU.Build.0 = Debug|Any CPU
		{3CB45E2D-B96F-404B-938E-A6679A6FC18B}.Debug|x64.ActiveCfg = Debug|Any CPU
		{3CB45E2D-B96F-404B-938E-A6679A6FC18B}.Debug|x64.Build.0 = Debug|Any CPU
		{3CB45E2D-B96F-404B-938E-A6679A6FC18B}.Debug|x86.ActiveCfg = Debug|Any CPU
		{3CB45E2D-B96F-404B-938E-A6679A6FC18B}.Debug|x86.Build.0 = Debug|Any CPU
		{3CB45E2D-B96F-404B-938E-A6679A6FC18B}.Release|Any CPU.ActiveCfg = Release|Any CPU
		{3CB45E2D-B96F-404B-938E-A6679A6FC18B}.Release|Any CPU.Build.0 = Release|Any CPU
		{3CB45E2D-B96F-404B-938E-A6679A6FC18B}.Release|x64.ActiveCfg = Release|Any CPU
		{3CB45E2D-B96F-404B-938E-A6679A6FC18B}.Release|x64.Build.0 = Release|Any CPU
		{3CB45E2D-B96F-404B-938E-A6679A6FC18B}.Release|x86.ActiveCfg = Release|Any CPU
		{3CB45E2D-B96F-404B-938E-A6679A6FC18B}.Release|x86.Build.0 = Release|Any CPU
		{44B20AC2-EBE2-4130-9D8B-46EF2090C4D1}.Debug|Any CPU.ActiveCfg = Debug|Any CPU
		{44B20AC2-EBE2-4130-9D8B-46EF2090C4D1}.Debug|Any CPU.Build.0 = Debug|Any CPU
		{44B20AC2-EBE2-4130-9D8B-46EF2090C4D1}.Debug|x64.ActiveCfg = Debug|Any CPU
		{44B20AC2-EBE2-4130-9D8B-46EF2090C4D1}.Debug|x64.Build.0 = Debug|Any CPU
		{44B20AC2-EBE2-4130-9D8B-46EF2090C4D1}.Debug|x86.ActiveCfg = Debug|Any CPU
		{44B20AC2-EBE2-4130-9D8B-46EF2090C4D1}.Debug|x86.Build.0 = Debug|Any CPU
		{44B20AC2-EBE2-4130-9D8B-46EF2090C4D1}.Release|Any CPU.ActiveCfg = Release|Any CPU
		{44B20AC2-EBE2-4130-9D8B-46EF2090C4D1}.Release|Any CPU.Build.0 = Release|Any CPU
		{44B20AC2-EBE2-4130-9D8B-46EF2090C4D1}.Release|x64.ActiveCfg = Release|Any CPU
		{44B20AC2-EBE2-4130-9D8B-46EF2090C4D1}.Release|x64.Build.0 = Release|Any CPU
		{44B20AC2-EBE2-4130-9D8B-46EF2090C4D1}.Release|x86.ActiveCfg = Release|Any CPU
		{44B20AC2-EBE2-4130-9D8B-46EF2090C4D1}.Release|x86.Build.0 = Release|Any CPU
	EndGlobalSection
	GlobalSection(SolutionProperties) = preSolution
		HideSolutionNode = FALSE
	EndGlobalSection
	GlobalSection(ExtensibilityGlobals) = postSolution
		SolutionGuid = {94F2D41C-EA8E-4431-B00E-635CF0CCFF56}
	EndGlobalSection
EndGlobal
